{
  "name": "che-activity-tracker",
  "version": "0.0.1",
  "lockfileVersion": 3,
  "requires": true,
  "packages": {
    "": {
      "name": "che-activity-tracker",
      "version": "0.0.1",
      "license": "EPL-2.0",
      "devDependencies": {
        "@types/fs-extra": "^9.0.13",
        "@types/js-yaml": "^4.0.5",
        "@types/node": "22.x",
        "add": "^2.0.6"
      },
      "engines": {
        "vscode": "^1.63.0"
      }
    },
    "node_modules/@types/fs-extra": {
      "version": "9.0.13",
      "resolved": "https://registry.npmjs.org/@types/fs-extra/-/fs-extra-9.0.13.tgz",
      "integrity": "sha512-nEnwB++1u5lVDM2UI4c1+5R+FYaKfaAzS4OococimjVm3nQw3TuzH5UNsocrcTBbhnerblyHj4A49qXbIiZdpA==",
      "dev": true,
      "dependencies": {
        "@types/node": "*"
      }
    },
    "node_modules/@types/js-yaml": {
      "version": "4.0.9",
      "resolved": "https://registry.npmjs.org/@types/js-yaml/-/js-yaml-4.0.9.tgz",
      "integrity": "sha512-k4MGaQl5TGo/iipqb2UDG2UwjXziSWkh0uysQelTlJpX1qGlpUZYm8PnO4DxG1qBomtJUdYJ6qR6xdIah10JLg==",
      "dev": true
    },
    "node_modules/@types/node": {
      "version": "22.17.0",
      "resolved": "https://registry.npmjs.org/@types/node/-/node-22.17.0.tgz",
      "integrity": "sha512-bbAKTCqX5aNVryi7qXVMi+OkB3w/OyblodicMbvE38blyAz7GxXf6XYhklokijuPwwVg9sDLKRxt0ZHXQwZVfQ==",
      "dev": true,
      "license": "MIT",
      "dependencies": {
        "undici-types": "~6.21.0"
      }
    },
    "node_modules/add": {
      "version": "2.0.6",
      "resolved": "https://registry.npmjs.org/add/-/add-2.0.6.tgz",
      "integrity": "sha512-j5QzrmsokwWWp6kUcJQySpbG+xfOBqqKnup3OIk1pz+kB/80SLorZ9V8zHFLO92Lcd+hbvq8bT+zOGoPkmBV0Q==",
      "dev": true
    },
    "node_modules/undici-types": {
      "version": "6.21.0",
      "resolved": "https://registry.npmjs.org/undici-types/-/undici-types-6.21.0.tgz",
      "integrity": "sha512-iwDZqg0QAGrg9Rav5H4n0M64c3mkR59cJ6wQp+7C4nI0gsmExaedaYLNO44eT4AtBBwjbTiGPMlt2Md0T9H9JQ==",
      "dev": true,
      "license": "MIT"
    }
  }
}
